{
  "requires": true,
  "lockfileVersion": 1,
  "dependencies": {
    "bootstrap-menu": {
      "version": "1.0.14",
      "resolved": "https://registry.npmjs.org/bootstrap-menu/-/bootstrap-menu-1.0.14.tgz",
      "integrity": "sha1-qkQjv4RQa2BIPhTQdtqCpM3e1DQ=",
      "requires": {
        "classnames": "2.2.6",
        "jquery-ui": "1.12.1",
        "lodash": "3.10.1"
      }
    },
    "classnames": {
      "version": "2.2.6",
      "resolved": "https://registry.npmjs.org/classnames/-/classnames-2.2.6.tgz",
      "integrity": "sha512-JR/iSQOSt+LQIWwrwEzJ9uk0xfN3mTVYMwt1Ir5mUcSN6pU+V4zQFFaJsclJbPuAUQH+yfWef6tm7l1quW3C8Q=="
    },
    "jquery-ui": {
      "version": "1.12.1",
      "resolved": "https://registry.npmjs.org/jquery-ui/-/jquery-ui-1.12.1.tgz",
      "integrity": "sha1-vLQEXI3QU5wTS8FIjN0+dop6nlE="
    },
    "lodash": {
      "version": "3.10.1",
      "resolved": "https://registry.npmjs.org/lodash/-/lodash-3.10.1.tgz",
      "integrity": "sha1-W/Rejkm6QYnhfUgnid/RW9FAt7Y="
    }
  }
}
