
Microsoft Visual Studio Solution File, Format Version 12.00
# Visual Studio 15
VisualStudioVersion = 15.0.27703.2035
MinimumVisualStudioVersion = 10.0.40219.1
Project("{FAE04EC0-301F-11D3-BF4B-00C04F79EFBC}") = "ScriptCycle.Prototypes", "ScriptCycle.Prototypes\ScriptCycle.Prototypes.csproj", "{0AC32F66-84B9-4176-8834-77AD7307A837}"
EndProject
Global
	GlobalSection(SolutionConfigurationPlatforms) = preSolution
		Debug|Any CPU = Debug|Any CPU
		Release|Any CPU = Release|Any CPU
	EndGlobalSection
	GlobalSection(ProjectConfigurationPlatforms) = postSolution
		{0AC32F66-84B9-4176-8834-77AD7307A837}.Debug|Any CPU.ActiveCfg = Debug|Any CPU
		{0AC32F66-84B9-4176-8834-77AD7307A837}.Debug|Any CPU.Build.0 = Debug|Any CPU
		{0AC32F66-84B9-4176-8834-77AD7307A837}.Release|Any CPU.ActiveCfg = Release|Any CPU
		{0AC32F66-84B9-4176-8834-77AD7307A837}.Release|Any CPU.Build.0 = Release|Any CPU
	EndGlobalSection
	GlobalSection(SolutionProperties) = preSolution
		HideSolutionNode = FALSE
	EndGlobalSection
	GlobalSection(ExtensibilityGlobals) = postSolution
		SolutionGuid = {C104B663-1EBD-47CB-B6D3-CCFC12028535}
	EndGlobalSection
EndGlobal
